
Microsoft Visual Studio Solution File, Format Version 12.00
# Visual Studio Version 17
VisualStudioVersion = 17.9.34723.18
MinimumVisualStudioVersion = 10.0.40219.1
Project("{9A19103F-16F7-4668-BE54-9A1E7A4F7556}") = "WebHotel", "WebHotel\WebHotel.csproj", "{ED1E3426-241D-48B5-AE09-DF85230BF8E0}"
EndProject
Project("{FAE04EC0-301F-11D3-BF4B-00C04F79EFBC}") = "Data", "Data\Data.csproj", "{03511EB0-B61E-4598-9355-9B5A68AE335E}"
EndProject
Project("{FAE04EC0-301F-11D3-BF4B-00C04F79EFBC}") = "DTO", "DTO\DTO.csproj", "{9BA6D028-7DE7-467B-960D-3A5D092E06AB}"
EndProject
Project("{FAE04EC0-301F-11D3-BF4B-00C04F79EFBC}") = "Repository", "Repository\Repository.csproj", "{CF242DBD-1C0B-42C4-8554-FAD61026C3A1}"
EndProject
Project("{FAE04EC0-301F-11D3-BF4B-00C04F79EFBC}") = "Service", "Service\Service.csproj", "{24BC4838-F2A3-429A-8657-871C3BCA6BB4}"
EndProject
Global
	GlobalSection(SolutionConfigurationPlatforms) = preSolution
		Debug|Any CPU = Debug|Any CPU
		Release|Any CPU = Release|Any CPU
	EndGlobalSection
	GlobalSection(ProjectConfigurationPlatforms) = postSolution
		{ED1E3426-241D-48B5-AE09-DF85230BF8E0}.Debug|Any CPU.ActiveCfg = Debug|Any CPU
		{ED1E3426-241D-48B5-AE09-DF85230BF8E0}.Debug|Any CPU.Build.0 = Debug|Any CPU
		{ED1E3426-241D-48B5-AE09-DF85230BF8E0}.Release|Any CPU.ActiveCfg = Release|Any CPU
		{ED1E3426-241D-48B5-AE09-DF85230BF8E0}.Release|Any CPU.Build.0 = Release|Any CPU
		{03511EB0-B61E-4598-9355-9B5A68AE335E}.Debug|Any CPU.ActiveCfg = Debug|Any CPU
		{03511EB0-B61E-4598-9355-9B5A68AE335E}.Debug|Any CPU.Build.0 = Debug|Any CPU
		{03511EB0-B61E-4598-9355-9B5A68AE335E}.Release|Any CPU.ActiveCfg = Release|Any CPU
		{03511EB0-B61E-4598-9355-9B5A68AE335E}.Release|Any CPU.Build.0 = Release|Any CPU
		{9BA6D028-7DE7-467B-960D-3A5D092E06AB}.Debug|Any CPU.ActiveCfg = Debug|Any CPU
		{9BA6D028-7DE7-467B-960D-3A5D092E06AB}.Debug|Any CPU.Build.0 = Debug|Any CPU
		{9BA6D028-7DE7-467B-960D-3A5D092E06AB}.Release|Any CPU.ActiveCfg = Release|Any CPU
		{9BA6D028-7DE7-467B-960D-3A5D092E06AB}.Release|Any CPU.Build.0 = Release|Any CPU
		{CF242DBD-1C0B-42C4-8554-FAD61026C3A1}.Debug|Any CPU.ActiveCfg = Debug|Any CPU
		{CF242DBD-1C0B-42C4-8554-FAD61026C3A1}.Debug|Any CPU.Build.0 = Debug|Any CPU
		{CF242DBD-1C0B-42C4-8554-FAD61026C3A1}.Release|Any CPU.ActiveCfg = Release|Any CPU
		{CF242DBD-1C0B-42C4-8554-FAD61026C3A1}.Release|Any CPU.Build.0 = Release|Any CPU
		{24BC4838-F2A3-429A-8657-871C3BCA6BB4}.Debug|Any CPU.ActiveCfg = Debug|Any CPU
		{24BC4838-F2A3-429A-8657-871C3BCA6BB4}.Debug|Any CPU.Build.0 = Debug|Any CPU
		{24BC4838-F2A3-429A-8657-871C3BCA6BB4}.Release|Any CPU.ActiveCfg = Release|Any CPU
		{24BC4838-F2A3-429A-8657-871C3BCA6BB4}.Release|Any CPU.Build.0 = Release|Any CPU
	EndGlobalSection
	GlobalSection(SolutionProperties) = preSolution
		HideSolutionNode = FALSE
	EndGlobalSection
	GlobalSection(ExtensibilityGlobals) = postSolution
		SolutionGuid = {D150B137-8475-47AB-9565-5FEDB17BF10A}
	EndGlobalSection
EndGlobal
